# This file is autogenerated, do not edit; changes may be undone by the next 'dep ensure'.


[[projects]]
  branch = "master"
  digest = "1:b2a722a82a6ff38d0febfe31ff90692e1e50d681d84b3f0a88eff620854583a5"
  name = "github.com/jeremywohl/flatten"
  packages = ["."]
  pruneopts = "NUT"
  revision = "6ba45bff2452eaa49edd7c045593bcbc6c6514cb"

[[projects]]
  branch = "master"
  digest = "1:af70f88d68d35881112c13fa94ae3fcb53cfe14c4b8fb3d87a345bbf442d2747"
  name = "github.com/moul/http2curl"
  packages = ["."]
  pruneopts = "NUT"
  revision = "9ac6cf4d929b2fa8fd2d2e6dec5bb0feb4f4911d"

[[projects]]
  branch = "master"
  digest = "1:aa236b5778f70fb400809f622813a2feb01142ea32b95f4ab23f98c5ad3cee18"
  name = "github.com/parnurzeal/gorequest"
  packages = ["."]
  pruneopts = "NUT"
  revision = "a578a48e8d6ca8b01a3b18314c43c6716bb5f5a3"

[[projects]]
  digest = "1:5cf3f025cbee5951a4ee961de067c8a89fc95a5adabead774f82822efabab121"
  name = "github.com/pkg/errors"
  packages = ["."]
  pruneopts = "NUT"
  revision = "645ef00459ed84a119197bfb8d8205042c6df63d"
  version = "v0.8.0"

[[projects]]
  branch = "master"
  digest = "1:2f83658d78200672f74b3dacb01e17788449319282f5034c734bd1a52e7573db"
  name = "github.com/tidwall/gjson"
  packages = ["."]
  pruneopts = "NUT"
  revision = "1e3f6aeaa5bad08d777ea7807b279a07885dd8b2"

[[projects]]
  branch = "master"
  digest = "1:420af1239081e32845242dbfbf364362ee8e10fe1e315e5a6d6cae4bd7c1dd67"
  name = "github.com/tidwall/match"
  packages = ["."]
  pruneopts = "NUT"
  revision = "1731857f09b1f38450e2c12409748407822dc6be"

[[projects]]
  branch = "master"
  digest = "1:a412caf33b5d3c7938c28e1e745c10664bd180277b73ab3b34c0c467886f9969"
  name = "golang.org/x/net"
  packages = [
    "idna",
    "publicsuffix",
  ]
  pruneopts = "NUT"
  revision = "c39426892332e1bb5ec0a434a079bf82f5d30c54"

[[projects]]
  digest = "1:e7071ed636b5422cc51c0e3a6cebc229d6c9fffc528814b519a980641422d619"
  name = "golang.org/x/text"
  packages = [
    "collate",
    "collate/build",
    "internal/colltab",
    "internal/gen",
    "internal/tag",
    "internal/triegen",
    "internal/ucd",
    "language",
    "secure/bidirule",
    "transform",
    "unicode/bidi",
    "unicode/cldr",
    "unicode/norm",
    "unicode/rangetable",
  ]
  pruneopts = "NUT"
  revision = "f21a4dfb5e38f5895301dc265a8def02365cc3d0"
  version = "v0.3.0"

[solve-meta]
  analyzer-name = "dep"
  analyzer-version = 1
  input-imports = [
    "github.com/jeremywohl/flatten",
    "github.com/parnurzeal/gorequest",
    "github.com/tidwall/gjson",
  ]
  solver-name = "gps-cdcl"
  solver-version = 1
