# This file is autogenerated, do not edit; changes may be undone by the next 'dep ensure'.


[[projects]]
  digest = "1:1b91ae0dc69a41d4c2ed23ea5cffb721ea63f5037ca4b81e6d6771fbb8f45129"
  name = "github.com/fsnotify/fsnotify"
  packages = ["."]
  pruneopts = "NUT"
  revision = "c2828203cd70a50dcccfb2761f8b1f8ceef9a8e9"
  version = "v1.4.7"

[[projects]]
  branch = "master"
  digest = "1:11c6c696067d3127ecf332b10f89394d386d9083f82baf71f40f2da31841a009"
  name = "github.com/hashicorp/hcl"
  packages = [
    ".",
    "hcl/ast",
    "hcl/parser",
    "hcl/printer",
    "hcl/scanner",
    "hcl/strconv",
    "hcl/token",
    "json/parser",
    "json/scanner",
    "json/token",
  ]
  pruneopts = "NUT"
  revision = "ef8a98b0bbce4a65b5aa4c368430a80ddc533168"

[[projects]]
  digest = "1:406338ad39ab2e37b7f4452906442a3dbf0eb3379dd1f06aafb5c07e769a5fbb"
  name = "github.com/inconshreveable/mousetrap"
  packages = ["."]
  pruneopts = "NUT"
  revision = "76626ae9c91c4f2a10f34cad8ce83ea42c93bb75"
  version = "v1.0"

[[projects]]
  branch = "master"
  digest = "1:b2a722a82a6ff38d0febfe31ff90692e1e50d681d84b3f0a88eff620854583a5"
  name = "github.com/jeremywohl/flatten"
  packages = ["."]
  pruneopts = "NUT"
  revision = "6ba45bff2452eaa49edd7c045593bcbc6c6514cb"

[[projects]]
  digest = "1:d244f8666a838fe6ad70ec8fe77f50ebc29fdc3331a2729ba5886bef8435d10d"
  name = "github.com/magiconair/properties"
  packages = ["."]
  pruneopts = "NUT"
  revision = "c2353362d570a7bfa228149c62842019201cfb71"
  version = "v1.8.0"

[[projects]]
  branch = "master"
  digest = "1:5fe20cfe4ef484c237cec9f947b2a6fa90bad4b8610fd014f0e4211e13d82d5d"
  name = "github.com/mitchellh/mapstructure"
  packages = ["."]
  pruneopts = "NUT"
  revision = "f15292f7a699fcc1a38a80977f80a046874ba8ac"

[[projects]]
  branch = "master"
  digest = "1:af70f88d68d35881112c13fa94ae3fcb53cfe14c4b8fb3d87a345bbf442d2747"
  name = "github.com/moul/http2curl"
  packages = ["."]
  pruneopts = "NUT"
  revision = "9ac6cf4d929b2fa8fd2d2e6dec5bb0feb4f4911d"

[[projects]]
  branch = "master"
  digest = "1:aa236b5778f70fb400809f622813a2feb01142ea32b95f4ab23f98c5ad3cee18"
  name = "github.com/parnurzeal/gorequest"
  packages = ["."]
  pruneopts = "NUT"
  revision = "a578a48e8d6ca8b01a3b18314c43c6716bb5f5a3"

[[projects]]
  digest = "1:51ea800cff51752ff68e12e04106f5887b4daec6f9356721238c28019f0b42db"
  name = "github.com/pelletier/go-toml"
  packages = ["."]
  pruneopts = "NUT"
  revision = "c01d1270ff3e442a8a57cddc1c92dc1138598194"
  version = "v1.2.0"

[[projects]]
  digest = "1:5cf3f025cbee5951a4ee961de067c8a89fc95a5adabead774f82822efabab121"
  name = "github.com/pkg/errors"
  packages = ["."]
  pruneopts = "NUT"
  revision = "645ef00459ed84a119197bfb8d8205042c6df63d"
  version = "v0.8.0"

[[projects]]
  digest = "1:330e9062b308ac597e28485699c02223bd052437a6eed32a173c9227dcb9d95a"
  name = "github.com/spf13/afero"
  packages = [
    ".",
    "mem",
  ]
  pruneopts = "NUT"
  revision = "787d034dfe70e44075ccc060d346146ef53270ad"
  version = "v1.1.1"

[[projects]]
  digest = "1:3fa7947ca83b98ae553590d993886e845a4bff19b7b007e869c6e0dd3b9da9cd"
  name = "github.com/spf13/cast"
  packages = ["."]
  pruneopts = "NUT"
  revision = "8965335b8c7107321228e3e3702cab9832751bac"
  version = "v1.2.0"

[[projects]]
  branch = "master"
  digest = "1:343d44e06621142ab09ae0c76c1799104cdfddd3ffb445d78b1adf8dc3ffaf3d"
  name = "github.com/spf13/cobra"
  packages = ["."]
  pruneopts = "NUT"
  revision = "7c4570c3ebeb8129a1f7456d0908a8b676b6f9f1"

[[projects]]
  branch = "master"
  digest = "1:f29f83301ed096daed24a90f4af591b7560cb14b9cc3e1827abbf04db7269ab5"
  name = "github.com/spf13/jwalterweatherman"
  packages = ["."]
  pruneopts = "NUT"
  revision = "14d3d4c518341bea657dd8a226f5121c0ff8c9f2"

[[projects]]
  digest = "1:e3707aeaccd2adc89eba6c062fec72116fe1fc1ba71097da85b4d8ae1668a675"
  name = "github.com/spf13/pflag"
  packages = ["."]
  pruneopts = "NUT"
  revision = "9a97c102cda95a86cec2345a6f09f55a939babf5"
  version = "v1.0.2"

[[projects]]
  branch = "master"
  digest = "1:454979540e2a1582f375a17c106cf4e11e3bcac4baffb4af23e515c87f87de13"
  name = "github.com/spf13/viper"
  packages = ["."]
  pruneopts = "NUT"
  revision = "907c19d40d9a6c9bb55f040ff4ae45271a4754b9"

[[projects]]
  branch = "master"
  digest = "1:2f83658d78200672f74b3dacb01e17788449319282f5034c734bd1a52e7573db"
  name = "github.com/tidwall/gjson"
  packages = ["."]
  pruneopts = "NUT"
  revision = "1e3f6aeaa5bad08d777ea7807b279a07885dd8b2"

[[projects]]
  branch = "master"
  digest = "1:420af1239081e32845242dbfbf364362ee8e10fe1e315e5a6d6cae4bd7c1dd67"
  name = "github.com/tidwall/match"
  packages = ["."]
  pruneopts = "NUT"
  revision = "1731857f09b1f38450e2c12409748407822dc6be"

[[projects]]
  branch = "master"
  digest = "1:a412caf33b5d3c7938c28e1e745c10664bd180277b73ab3b34c0c467886f9969"
  name = "golang.org/x/net"
  packages = [
    "idna",
    "publicsuffix",
  ]
  pruneopts = "NUT"
  revision = "c39426892332e1bb5ec0a434a079bf82f5d30c54"

[[projects]]
  branch = "master"
  digest = "1:0f002f4affaffcef9ba555620fbb5382d1ce894b342f2a9914c40b8429570e6e"
  name = "golang.org/x/sys"
  packages = ["unix"]
  pruneopts = "NUT"
  revision = "1a700e749ce29638d0bbcb531cce1094ea096bd3"

[[projects]]
  digest = "1:e7071ed636b5422cc51c0e3a6cebc229d6c9fffc528814b519a980641422d619"
  name = "golang.org/x/text"
  packages = [
    "collate",
    "collate/build",
    "internal/colltab",
    "internal/gen",
    "internal/tag",
    "internal/triegen",
    "internal/ucd",
    "language",
    "secure/bidirule",
    "transform",
    "unicode/bidi",
    "unicode/cldr",
    "unicode/norm",
    "unicode/rangetable",
  ]
  pruneopts = "NUT"
  revision = "f21a4dfb5e38f5895301dc265a8def02365cc3d0"
  version = "v0.3.0"

[[projects]]
  digest = "1:7c95b35057a0ff2e19f707173cc1a947fa43a6eb5c4d300d196ece0334046082"
  name = "gopkg.in/yaml.v2"
  packages = ["."]
  pruneopts = "NUT"
  revision = "5420a8b6744d3b0345ab293f6fcba19c978f1183"
  version = "v2.2.1"

[solve-meta]
  analyzer-name = "dep"
  analyzer-version = 1
  input-imports = [
    "github.com/jeremywohl/flatten",
    "github.com/parnurzeal/gorequest",
    "github.com/spf13/cobra",
    "github.com/spf13/viper",
    "github.com/tidwall/gjson",
  ]
  solver-name = "gps-cdcl"
  solver-version = 1
